
Microsoft Visual Studio Solution File, Format Version 12.00
# Visual Studio Version 16
VisualStudioVersion = 16.0.30717.126
MinimumVisualStudioVersion = 10.0.40219.1
Project("{FAE04EC0-301F-11D3-BF4B-00C04F79EFBC}") = "SHEvaluation.Rank", "SHEvaluation.Rank.csproj", "{CE8DD26E-6FC5-49A4-B264-FDFC0ED73274}"
EndProject
Global
	GlobalSection(SolutionConfigurationPlatforms) = preSolution
		Debug|Any CPU = Debug|Any CPU
		Release|Any CPU = Release|Any CPU
	EndGlobalSection
	GlobalSection(ProjectConfigurationPlatforms) = postSolution
		{CE8DD26E-6FC5-49A4-B264-FDFC0ED73274}.Debug|Any CPU.ActiveCfg = Debug|Any CPU
		{CE8DD26E-6FC5-49A4-B264-FDFC0ED73274}.Debug|Any CPU.Build.0 = Debug|Any CPU
		{CE8DD26E-6FC5-49A4-B264-FDFC0ED73274}.Release|Any CPU.ActiveCfg = Release|Any CPU
		{CE8DD26E-6FC5-49A4-B264-FDFC0ED73274}.Release|Any CPU.Build.0 = Release|Any CPU
	EndGlobalSection
	GlobalSection(SolutionProperties) = preSolution
		HideSolutionNode = FALSE
	EndGlobalSection
	GlobalSection(ExtensibilityGlobals) = postSolution
		SolutionGuid = {8109E732-6578-48B2-BCA5-BDA5BCECD4A9}
	EndGlobalSection
EndGlobal
